# THIS IS AN AUTOGENERATED FILE. DO NOT EDIT THIS FILE DIRECTLY.
# yarn lockfile v1


"@gitbook/slate-base64-serializer@^0.2.44":
  version "0.2.44"
  resolved "https://registry.yarnpkg.com/@gitbook/slate-base64-serializer/-/slate-base64-serializer-0.2.44.tgz#bdc83f084ca22cbd2548198d4a8d86c5d93e9471"
  integrity sha512-+Ml1TDAHC0KjsNHWueny51UZ9waTzwSr8amF0NRPntUiIDll8QmILgB7KX+9ZSZuig5zstS9WitoxgJL0e5/Jw==
  dependencies:
    isomorphic-base64 "^1.0.2"

"@gitbook/slate-dev-environment@^0.1.3":
  version "0.1.3"
  resolved "https://registry.yarnpkg.com/@gitbook/slate-dev-environment/-/slate-dev-environment-0.1.3.tgz#eed305abd717d6386a7496287600ed705e304464"
  integrity sha512-uHFAwGWWy7xKIxgW3kUziBWBwLVnNr+0KZW+Pu/mCGtY97CmVUJEOahOhnekf+Uc2gS3VttmqIcT58+SgL/Bew==
  dependencies:
    is-in-browser "^1.1.3"

"@gitbook/slate-dev-logger@^0.1.40":
  version "0.1.40"
  resolved "https://registry.yarnpkg.com/@gitbook/slate-dev-logger/-/slate-dev-logger-0.1.40.tgz#960ede184272329eb977a11aa6a601621c8b7a6d"
  integrity sha512-JylaMPlSJRgSxOo2z92T8IyU6X3nNGiMgr52DydDoMfwRGPeiDWGFgwZoGwC654eKYUsIsxRso+4/sXP7NqRVQ==

"@gitbook/slate-edit-blockquote@^0.6.1":
  version "0.6.1"
  resolved "https://registry.yarnpkg.com/@gitbook/slate-edit-blockquote/-/slate-edit-blockquote-0.6.1.tgz#82fe28f40f1eb3f5cf52acf7e0a6621984b12140"
  integrity sha512-r2l5gMnJL7n6jxM+75vnH6jyPE6WzOql3W7GW7IZP4bbO13iWjRrBhqtede+qZcy/ONLfZqsAV7egajP7XzMSA==

"@gitbook/slate-edit-list@^0.12.2":
  version "0.12.2"
  resolved "https://registry.yarnpkg.com/@gitbook/slate-edit-list/-/slate-edit-list-0.12.2.tgz#a98de2637de75450b0d45112d7159c965145c3f4"
  integrity sha512-6M+wgVmUol8U0jx+69g1Ap5yR1OWC0Gu+FV/tuMwKXDdLAHsxo7/HUWo4EFtMcClOcRbsYqsuuKDA16m2MoC3w==

"@gitbook/slate-hotkeys@^0.1.3":
  version "0.1.3"
  resolved "https://registry.yarnpkg.com/@gitbook/slate-hotkeys/-/slate-hotkeys-0.1.3.tgz#fc28216ddad0d88e86bec42cdf78d20db741e0a8"
  integrity sha512-kp4LE0p1jzSCpYXX2Wrp/IcdZp21y+JapOsU/eSNPXqjO9aZz7oT7R/h8HcT5adLSTvWtIQKPU24yKmdi78wvA==
  dependencies:
    "@gitbook/slate-dev-environment" "^0.1.3"
    is-hotkey "^0.1.1"

"@gitbook/slate-html-serializer@0.6.16":
  version "0.6.16"
  resolved "https://registry.yarnpkg.com/@gitbook/slate-html-serializer/-/slate-html-serializer-0.6.16.tgz#5da2c69deb6c641ad80be92d38e88aa97404e853"
  integrity sha512-AZvvWPjCvKQvELP+wOFc0VtYJvFjXr7t4JYyNFrDFPDAPdpPK0UW/PlUH8DUHjzri8JhVtWAoc0/0W6FRqsJVQ==
  dependencies:
    "@gitbook/slate-dev-logger" "^0.1.40"
    type-of "^2.0.1"

"@gitbook/slate-plain-serializer@^0.5.25":
  version "0.5.25"
  resolved "https://registry.yarnpkg.com/@gitbook/slate-plain-serializer/-/slate-plain-serializer-0.5.25.tgz#2e4c74488204e220602a1d55698ce775e3354a12"
  integrity sha512-2aqpB/84sVjVCeIa71kQ7UZeIzqgrBziJE6cjYnDXiKQ5YsGhyYGd0lNpXsev+fBVN2/QN5sntx9nmSBTemO5Q==
  dependencies:
    "@gitbook/slate-dev-logger" "^0.1.40"

"@gitbook/slate-prop-types@^0.4.42":
  version "0.4.42"
  resolved "https://registry.yarnpkg.com/@gitbook/slate-prop-types/-/slate-prop-types-0.4.42.tgz#0c9cb6340f9f21a081a09e23d569d86ccea376e1"
  integrity sha512-FhfhjSnkLzuJ+uVaf1Y85lVNJE1H8P+gr9TLjvi5+3jFRI4B77wmTDgXXJHnG0wzzD1C1lPN+Uh+xugcJoAYjg==
  dependencies:
    "@gitbook/slate-dev-logger" "^0.1.40"

"@gitbook/slate-react@^0.13.8":
  version "0.13.8"
  resolved "https://registry.yarnpkg.com/@gitbook/slate-react/-/slate-react-0.13.8.tgz#9cc8d2f2d3974699af1b3e899dc38abae21a73ec"
  integrity sha512-dXY6avPcPz7AAVJ7q8oOtGI0je61zPEw6hsJM3+SC3wIxTCpf6OI8K1CcKsBrgFManr/vcclTxd4NxuMqoH2NQ==
  dependencies:
    "@gitbook/slate-base64-serializer" "^0.2.44"
    "@gitbook/slate-dev-environment" "^0.1.3"
    "@gitbook/slate-dev-logger" "^0.1.40"
    "@gitbook/slate-hotkeys" "^0.1.3"
    "@gitbook/slate-plain-serializer" "^0.5.25"
    "@gitbook/slate-prop-types" "^0.4.42"
    debug "^3.1.0"
    get-window "^1.1.1"
    is-window "^1.0.2"
    keycode "^2.1.2"
    lodash "^4.1.1"
    prop-types "^15.5.8"
    react-immutable-proptypes "^2.1.0"
    react-portal "^3.1.0"
    selection-is-backward "^1.0.0"

"@gitbook/slate-schema-violations@^0.1.23":
  version "0.1.23"
  resolved "https://registry.yarnpkg.com/@gitbook/slate-schema-violations/-/slate-schema-violations-0.1.23.tgz#ca4b20dc71f3c37b008a85062fa0c041027746a4"
  integrity sha512-mV3t9FvLxuMBPeqqj6Xtzup3Wcq/FzL0eTWI8fo8K5i7r5iXJ1PYv6Cc4femz/FBjfXf/1qyKkI/ckkaQpQEmQ==

"@gitbook/slate@^0.34.10":
  version "0.34.10"
  resolved "https://registry.yarnpkg.com/@gitbook/slate/-/slate-0.34.10.tgz#ed59181e82c84e79dcdde1f99fec6e46d223c53d"
  integrity sha512-5JTwcubSLF/kDNp7xtUXl0Tf6tYLcTDME2z+/cWm0zuYTYhtugDlnsF3FxeXpwpcJFtDqOFPw0ywwjCYJqnANw==
  dependencies:
    "@gitbook/slate-dev-logger" "^0.1.40"
    "@gitbook/slate-schema-violations" "^0.1.23"
    debug "^3.1.0"
    direction "^0.1.5"
    esrever "^0.2.0"
    is-empty "^1.0.0"
    is-plain-object "^2.0.4"
    lodash "^4.17.4"
    type-of "^2.0.1"

"@types/node@*":
  version "10.7.1"
  resolved "https://registry.yarnpkg.com/@types/node/-/node-10.7.1.tgz#b704d7c259aa40ee052eec678758a68d07132a2e"
  integrity sha512-EGoI4ylB/lPOaqXqtzAyL8HcgOuCtH2hkEaLmkueOYufsTFWBn4VCvlCDC2HW8Q+9iF+QVC3sxjDKQYjHQeZ9w==

debug@^3.1.0:
  version "3.1.0"
  resolved "https://registry.yarnpkg.com/debug/-/debug-3.1.0.tgz#5bb5a0672628b64149566ba16819e61518c67261"
  integrity sha512-OX8XqP7/1a9cqkxYw2yXss15f26NKWBpDXQd0/uK/KPqdQhxbPa994hnzjcE2VqQpDslf55723cKPUOGSmMY3g==
  dependencies:
    ms "2.0.0"

deep-rename-keys@^0.2.1:
  version "0.2.1"
  resolved "https://registry.yarnpkg.com/deep-rename-keys/-/deep-rename-keys-0.2.1.tgz#ede78537d7a66a2be61517e2af956d7f58a3f1d8"
  integrity sha1-7eeFN9emaivmFRfir5Vtf1ij8dg=
  dependencies:
    kind-of "^3.0.2"
    rename-keys "^1.1.2"

direction@^0.1.5:
  version "0.1.5"
  resolved "https://registry.yarnpkg.com/direction/-/direction-0.1.5.tgz#ce5d797f97e26f8be7beff53f7dc40e1c1a9ec4c"
  integrity sha1-zl15f5fib4vnvv9T99xA4cGp7Ew=

esrever@^0.2.0:
  version "0.2.0"
  resolved "https://registry.yarnpkg.com/esrever/-/esrever-0.2.0.tgz#96e9d28f4f1b1a76784cd5d490eaae010e7407b8"
  integrity sha1-lunSj08bGnZ4TNXUkOquAQ50B7g=

get-document@1:
  version "1.0.0"
  resolved "https://registry.yarnpkg.com/get-document/-/get-document-1.0.0.tgz#4821bce66f1c24cb0331602be6cb6b12c4f01c4b"
  integrity sha1-SCG85m8cJMsDMWAr5strEsTwHEs=

get-window@^1.1.1:
  version "1.1.2"
  resolved "https://registry.yarnpkg.com/get-window/-/get-window-1.1.2.tgz#65fbaa999fb87f86ea5d30770f4097707044f47f"
  integrity sha512-yjWpFcy9fjhLQHW1dPtg9ga4pmizLY8y4ZSHdGrAQ1NU277MRhnGnnLPxe19X8W5lWVsCZz++5xEuNozWMVmTw==
  dependencies:
    get-document "1"

immutable@3.8.2:
  version "3.8.2"
  resolved "https://registry.yarnpkg.com/immutable/-/immutable-3.8.2.tgz#c2439951455bb39913daf281376f1530e104adf3"
  integrity sha1-wkOZUUVbs5kT2vKBN28VMOEErfM=

is-buffer@^1.1.5:
  version "1.1.6"
  resolved "https://registry.yarnpkg.com/is-buffer/-/is-buffer-1.1.6.tgz#efaa2ea9daa0d7ab2ea13a97b2b8ad51fefbe8be"
  integrity sha512-NcdALwpXkTm5Zvvbk7owOUSvVvBKDgKP5/ewfXEznmQFfs4ZRmanOeKBTjRVjka3QFoN6XJ+9F3USqfHqTaU5w==

is-empty@^1.0.0:
  version "1.2.0"
  resolved "https://registry.yarnpkg.com/is-empty/-/is-empty-1.2.0.tgz#de9bb5b278738a05a0b09a57e1fb4d4a341a9f6b"
  integrity sha1-3pu1snhzigWgsJpX4ftNSjQan2s=

is-hotkey@^0.1.1:
  version "0.1.3"
  resolved "https://registry.yarnpkg.com/is-hotkey/-/is-hotkey-0.1.3.tgz#8a129eec16f3941bd4f37191e02b9c3e91950549"
  integrity sha512-wB5PP/lwpaN5zNT1vjHxYFBxiq5zvUZiv8696eB5OmeCRCgNIzb3cMJjRhogSQXe8LLDKOzzlFfGlMaWnc4emQ==

is-in-browser@^1.1.3:
  version "1.1.3"
  resolved "https://registry.yarnpkg.com/is-in-browser/-/is-in-browser-1.1.3.tgz#56ff4db683a078c6082eb95dad7dc62e1d04f835"
  integrity sha1-Vv9NtoOgeMYILrldrX3GLh0E+DU=

is-plain-object@^2.0.4:
  version "2.0.4"
  resolved "https://registry.yarnpkg.com/is-plain-object/-/is-plain-object-2.0.4.tgz#2c163b3fafb1b606d9d17928f05c2a1c38e07677"
  integrity sha512-h5PpgXkWitc38BBMYawTYMWJHFZJVnBquFE57xFpjB8pJFiF6gZ+bU+WyI/yqXiFR5mdLsgYNaPe8uao6Uv9Og==
  dependencies:
    isobject "^3.0.1"

is-window@^1.0.2:
  version "1.0.2"
  resolved "https://registry.yarnpkg.com/is-window/-/is-window-1.0.2.tgz#2c896ca53db97de45d3c33133a65d8c9f563480d"
  integrity sha1-LIlspT25feRdPDMTOmXYyfVjSA0=

isobject@^3.0.1:
  version "3.0.1"
  resolved "https://registry.yarnpkg.com/isobject/-/isobject-3.0.1.tgz#4e431e92b11a9731636aa1f9c8d1ccbcfdab78df"
  integrity sha1-TkMekrEalzFjaqH5yNHMvP2reN8=

isomorphic-base64@^1.0.2:
  version "1.0.2"
  resolved "https://registry.yarnpkg.com/isomorphic-base64/-/isomorphic-base64-1.0.2.tgz#f426aae82569ba8a4ec5ca73ad21a44ab1ee7803"
  integrity sha1-9Caq6CVpuopOxcpzrSGkSrHueAM=

"js-tokens@^3.0.0 || ^4.0.0":
  version "4.0.0"
  resolved "https://registry.yarnpkg.com/js-tokens/-/js-tokens-4.0.0.tgz#19203fb59991df98e3a287050d4647cdeaf32499"
  integrity sha512-RdJUflcE3cUzKiMqQgsCu06FPu9UdIJO0beYbPhHN4k6apgJtifcoCtT9bcxOpYBtpD2kCM6Sbzg4CausW/PKQ==

keycode@^2.1.2:
  version "2.2.0"
  resolved "https://registry.yarnpkg.com/keycode/-/keycode-2.2.0.tgz#3d0af56dc7b8b8e5cba8d0a97f107204eec22b04"
  integrity sha1-PQr1bce4uOXLqNCpfxByBO7CKwQ=

kind-of@^3.0.2:
  version "3.2.2"
  resolved "https://registry.yarnpkg.com/kind-of/-/kind-of-3.2.2.tgz#31ea21a734bab9bbb0f32466d893aea51e4a3c64"
  integrity sha1-MeohpzS6ubuw8yRm2JOupR5KPGQ=
  dependencies:
    is-buffer "^1.1.5"

lodash-es@^4.2.1:
  version "4.17.10"
  resolved "https://registry.yarnpkg.com/lodash-es/-/lodash-es-4.17.10.tgz#62cd7104cdf5dd87f235a837f0ede0e8e5117e05"
  integrity sha512-iesFYPmxYYGTcmQK0sL8bX3TGHyM6b2qREaB4kamHfQyfPJP0xgoGxp19nsH16nsfquLdiyKyX3mQkfiSGV8Rg==

lodash@^4.1.1, lodash@^4.17.4, lodash@^4.2.1:
  version "4.17.10"
  resolved "https://registry.yarnpkg.com/lodash/-/lodash-4.17.10.tgz#1b7793cf7259ea38fb3661d4d38b3260af8ae4e7"
  integrity sha512-UejweD1pDoXu+AD825lWwp4ZGtSwgnpZxb3JDViD7StjQz+Nb/6l093lx4OQ0foGWNRoc19mWy7BzL+UAK2iVg==

loose-envify@^1.1.0, loose-envify@^1.3.1:
  version "1.4.0"
  resolved "https://registry.yarnpkg.com/loose-envify/-/loose-envify-1.4.0.tgz#71ee51fa7be4caec1a63839f7e682d8132d30caf"
  integrity sha512-lyuxPGr/Wfhrlem2CL/UcnUc1zcqKAImBDzukY7Y5F/yQiNdko6+fRLevlw1HgMySw7f611UIY408EtxRSoK3Q==
  dependencies:
    js-tokens "^3.0.0 || ^4.0.0"

ms@2.0.0:
  version "2.0.0"
  resolved "https://registry.yarnpkg.com/ms/-/ms-2.0.0.tgz#5608aeadfc00be6c2901df5f9861788de0d597c8"
  integrity sha1-VgiurfwAvmwpAd9fmGF4jeDVl8g=

object-assign@^4.1.1:
  version "4.1.1"
  resolved "https://registry.yarnpkg.com/object-assign/-/object-assign-4.1.1.tgz#2109adc7965887cfc05cbbd442cac8bfbb360863"
  integrity sha1-IQmtx5ZYh8/AXLvUQsrIv7s2CGM=

parse5@^3.0.2:
  version "3.0.3"
  resolved "https://registry.yarnpkg.com/parse5/-/parse5-3.0.3.tgz#042f792ffdd36851551cf4e9e066b3874ab45b5c"
  integrity sha512-rgO9Zg5LLLkfJF9E6CCmXlSE4UVceloys8JrFqCcHloC3usd/kJCyPDwH2SOlzix2j3xaP9sUX3e8+kvkuleAA==
  dependencies:
    "@types/node" "*"

prop-types@^15.5.8:
  version "15.6.2"
  resolved "https://registry.yarnpkg.com/prop-types/-/prop-types-15.6.2.tgz#05d5ca77b4453e985d60fc7ff8c859094a497102"
  integrity sha512-3pboPvLiWD7dkI3qf3KbUe6hKFKa52w+AE0VCqECtf+QHAKgOL37tTaNCnuX1nAAQ4ZhyP+kYVKf8rLmJ/feDQ==
  dependencies:
    loose-envify "^1.3.1"
    object-assign "^4.1.1"

ramda@^0.24.1:
  version "0.24.1"
  resolved "https://registry.yarnpkg.com/ramda/-/ramda-0.24.1.tgz#c3b7755197f35b8dc3502228262c4c91ddb6b857"
  integrity sha1-w7d1UZfzW43DUCIoJixMkd22uFc=

react-immutable-proptypes@^2.1.0:
  version "2.1.0"
  resolved "https://registry.yarnpkg.com/react-immutable-proptypes/-/react-immutable-proptypes-2.1.0.tgz#023d6f39bb15c97c071e9e60d00d136eac5fa0b4"
  integrity sha1-Aj1vObsVyXwHHp5g0A0TbqxfoLQ=

react-portal@4.1.5:
  version "4.1.5"
  resolved "https://registry.yarnpkg.com/react-portal/-/react-portal-4.1.5.tgz#6665d4d2a92d47d6f8b07a6529e26fc52d5cccde"
  integrity sha512-jJMy9DoVr4HRWPdO8IP/mDHP1Q972/aKkulVQeIrttOIyRNmCkR2IH7gK3HVjhzxy6M+k9TopSWN5q41wO/o6A==
  dependencies:
    prop-types "^15.5.8"

react-portal@^3.1.0:
  version "3.2.0"
  resolved "https://registry.yarnpkg.com/react-portal/-/react-portal-3.2.0.tgz#4224e19b2b05d5cbe730a7ba0e34ec7585de0043"
  integrity sha512-avb1FreAZAVCvNNyS2dCpxZiPYPJnAasHYPxdVBTROgNFeI+KSb+OoMHNsC1GbDawESCriPwCX+qKua6WSPIFw==
  dependencies:
    prop-types "^15.5.8"

redux-undo@1.0.0-beta9-7:
  version "1.0.0-beta9-7"
  resolved "https://registry.yarnpkg.com/redux-undo/-/redux-undo-1.0.0-beta9-7.tgz#e3fcc8bc29d8c579f2c13f854287e5af0d8744ae"
  integrity sha1-4/zIvCnYxXnywT+FQoflrw2HRK4=
  dependencies:
    redux "^3.5.2"

redux@^3.5.2:
  version "3.7.2"
  resolved "https://registry.yarnpkg.com/redux/-/redux-3.7.2.tgz#06b73123215901d25d065be342eb026bc1c8537b"
  integrity sha512-pNqnf9q1hI5HHZRBkj3bAngGZW/JMCmexDlOxw4XagXY2o1327nHH54LoTjiPJ0gizoqPDRqWyX/00g0hD6w+A==
  dependencies:
    lodash "^4.2.1"
    lodash-es "^4.2.1"
    loose-envify "^1.1.0"
    symbol-observable "^1.0.3"

rename-keys@^1.1.2:
  version "1.2.0"
  resolved "https://registry.yarnpkg.com/rename-keys/-/rename-keys-1.2.0.tgz#be602fb0b750476b513ebe85ba4465d03254f0a3"
  integrity sha512-U7XpAktpbSgHTRSNRrjKSrjYkZKuhUukfoBlXWXUExCAqhzh1TU3BDRAfJmarcl5voKS+pbKU9MvyLWKZ4UEEg==

selection-is-backward@^1.0.0:
  version "1.0.0"
  resolved "https://registry.yarnpkg.com/selection-is-backward/-/selection-is-backward-1.0.0.tgz#97a54633188a511aba6419fc5c1fa91b467e6be1"
  integrity sha1-l6VGMxiKURq6ZBn8XB+pG0Z+a+E=

selection-position@^1.0.0:
  version "1.0.0"
  resolved "https://registry.yarnpkg.com/selection-position/-/selection-position-1.0.0.tgz#e43f87151d94957efa170e10e02c901b47f703c7"
  integrity sha1-5D+HFR2UlX76Fw4Q4CyQG0f3A8c=

symbol-observable@^1.0.3:
  version "1.2.0"
  resolved "https://registry.yarnpkg.com/symbol-observable/-/symbol-observable-1.2.0.tgz#c22688aed4eab3cdc2dfeacbb561660560a00804"
  integrity sha512-e900nM8RRtGhlV36KGEU9k65K3mPb1WV70OdjfxlG2EAuM1noi/E/BaW/uMhL7bPEssK8QV57vN3esixjUvcXQ==

type-of@^2.0.1:
  version "2.0.1"
  resolved "https://registry.yarnpkg.com/type-of/-/type-of-2.0.1.tgz#e72a1741896568e9f628378d816d6912f7f23972"
  integrity sha1-5yoXQYllaOn2KDeNgW1pEvfyOXI=
